
Microsoft Visual Studio Solution File, Format Version 12.00
# Visual Studio Version 16
VisualStudioVersion = 16.0.30907.101
MinimumVisualStudioVersion = 10.0.40219.1
Project("{FAE04EC0-301F-11D3-BF4B-00C04F79EFBC}") = "game_2048", "game_2048\game_2048.csproj", "{C0263F45-93FE-44CE-8172-8A70409D5EC4}"
EndProject
Global
	GlobalSection(SolutionConfigurationPlatforms) = preSolution
		Debug|Any CPU = Debug|Any CPU
		Release|Any CPU = Release|Any CPU
	EndGlobalSection
	GlobalSection(ProjectConfigurationPlatforms) = postSolution
		{C0263F45-93FE-44CE-8172-8A70409D5EC4}.Debug|Any CPU.ActiveCfg = Debug|Any CPU
		{C0263F45-93FE-44CE-8172-8A70409D5EC4}.Debug|Any CPU.Build.0 = Debug|Any CPU
		{C0263F45-93FE-44CE-8172-8A70409D5EC4}.Release|Any CPU.ActiveCfg = Release|Any CPU
		{C0263F45-93FE-44CE-8172-8A70409D5EC4}.Release|Any CPU.Build.0 = Release|Any CPU
	EndGlobalSection
	GlobalSection(SolutionProperties) = preSolution
		HideSolutionNode = FALSE
	EndGlobalSection
	GlobalSection(ExtensibilityGlobals) = postSolution
		SolutionGuid = {E59BF56C-445B-45DB-A8BD-7CD4AC096D71}
	EndGlobalSection
EndGlobal
